
Microsoft Visual Studio Solution File, Format Version 12.00
# Visual Studio Version 17
VisualStudioVersion = 17.14.36518.9 d17.14
MinimumVisualStudioVersion = 10.0.40219.1
Project("{FAE04EC0-301F-11D3-BF4B-00C04F79EFBC}") = "GlobalErrorHandling.API", "GlobalErrorHandling.API\GlobalErrorHandling.API.csproj", "{3CD4D0F9-2017-4AE1-B43C-1DB8A28F87AB}"
EndProject
Global
	GlobalSection(SolutionConfigurationPlatforms) = preSolution
		Debug|Any CPU = Debug|Any CPU
		Release|Any CPU = Release|Any CPU
	EndGlobalSection
	GlobalSection(ProjectConfigurationPlatforms) = postSolution
		{3CD4D0F9-2017-4AE1-B43C-1DB8A28F87AB}.Debug|Any CPU.ActiveCfg = Debug|Any CPU
		{3CD4D0F9-2017-4AE1-B43C-1DB8A28F87AB}.Debug|Any CPU.Build.0 = Debug|Any CPU
		{3CD4D0F9-2017-4AE1-B43C-1DB8A28F87AB}.Release|Any CPU.ActiveCfg = Release|Any CPU
		{3CD4D0F9-2017-4AE1-B43C-1DB8A28F87AB}.Release|Any CPU.Build.0 = Release|Any CPU
	EndGlobalSection
	GlobalSection(SolutionProperties) = preSolution
		HideSolutionNode = FALSE
	EndGlobalSection
	GlobalSection(ExtensibilityGlobals) = postSolution
		SolutionGuid = {05C95AC6-AD71-46E5-91FB-8C1A2DC98F40}
	EndGlobalSection
EndGlobal
